
Microsoft Visual Studio Solution File, Format Version 12.00
# Visual Studio Version 17
VisualStudioVersion = 17.7.34031.279
MinimumVisualStudioVersion = 10.0.40219.1
Project("{FAE04EC0-301F-11D3-BF4B-00C04F79EFBC}") = "Movies.Api", "Movies.Api\Movies.Api.csproj", "{534042CC-C0A8-4708-8704-77474ED70EAE}"
EndProject
Project("{FAE04EC0-301F-11D3-BF4B-00C04F79EFBC}") = "Movies.Application", "Movies.Application\Movies.Application.csproj", "{82170DB7-B0D1-4BCE-9C2B-72652985AA3D}"
EndProject
Project("{FAE04EC0-301F-11D3-BF4B-00C04F79EFBC}") = "Movies.Contracts", "Movies.Contracts\Movies.Contracts.csproj", "{8C358331-430F-46DA-ABE9-CC8A84B69088}"
EndProject
Global
	GlobalSection(SolutionConfigurationPlatforms) = preSolution
		Debug|Any CPU = Debug|Any CPU
		Release|Any CPU = Release|Any CPU
	EndGlobalSection
	GlobalSection(ProjectConfigurationPlatforms) = postSolution
		{534042CC-C0A8-4708-8704-77474ED70EAE}.Debug|Any CPU.ActiveCfg = Debug|Any CPU
		{534042CC-C0A8-4708-8704-77474ED70EAE}.Debug|Any CPU.Build.0 = Debug|Any CPU
		{534042CC-C0A8-4708-8704-77474ED70EAE}.Release|Any CPU.ActiveCfg = Release|Any CPU
		{534042CC-C0A8-4708-8704-77474ED70EAE}.Release|Any CPU.Build.0 = Release|Any CPU
		{82170DB7-B0D1-4BCE-9C2B-72652985AA3D}.Debug|Any CPU.ActiveCfg = Debug|Any CPU
		{82170DB7-B0D1-4BCE-9C2B-72652985AA3D}.Debug|Any CPU.Build.0 = Debug|Any CPU
		{82170DB7-B0D1-4BCE-9C2B-72652985AA3D}.Release|Any CPU.ActiveCfg = Release|Any CPU
		{82170DB7-B0D1-4BCE-9C2B-72652985AA3D}.Release|Any CPU.Build.0 = Release|Any CPU
		{8C358331-430F-46DA-ABE9-CC8A84B69088}.Debug|Any CPU.ActiveCfg = Debug|Any CPU
		{8C358331-430F-46DA-ABE9-CC8A84B69088}.Debug|Any CPU.Build.0 = Debug|Any CPU
		{8C358331-430F-46DA-ABE9-CC8A84B69088}.Release|Any CPU.ActiveCfg = Release|Any CPU
		{8C358331-430F-46DA-ABE9-CC8A84B69088}.Release|Any CPU.Build.0 = Release|Any CPU
	EndGlobalSection
	GlobalSection(SolutionProperties) = preSolution
		HideSolutionNode = FALSE
	EndGlobalSection
	GlobalSection(ExtensibilityGlobals) = postSolution
		SolutionGuid = {2D89CA2F-F66C-4EF9-BF32-4E2487FD2444}
	EndGlobalSection
EndGlobal
